
Microsoft Visual Studio Solution File, Format Version 12.00
# Visual Studio Version 17
VisualStudioVersion = 17.9.34728.123
MinimumVisualStudioVersion = 10.0.40219.1
Project("{9A19103F-16F7-4668-BE54-9A1E7A4F7556}") = "SystemReqsHandlerApi", "SystemReqsHandlerApi\SystemReqsHandlerApi.csproj", "{AEBF4AFE-4A1A-4545-9EFD-A55B1E3FD9D9}"
EndProject
Project("{9A19103F-16F7-4668-BE54-9A1E7A4F7556}") = "SpaCyDotNet", "SpaCyDotNet\SpaCyDotNet.csproj", "{43190E86-F025-4F6D-A579-F175228E8D3C}"
EndProject
Project("{9A19103F-16F7-4668-BE54-9A1E7A4F7556}") = "ReqsHandler.Core", "ReqsHandler.Core\ReqsHandler.Core.csproj", "{98EAA515-74FD-4C02-B0D5-81E066A461CC}"
EndProject
Project("{E24C65DC-7377-472B-9ABA-BC803B73C61A}") = "reqs-client", "reqs-client\", "{83C8543D-15FE-4385-92E8-3447ECBA2A3F}"
	ProjectSection(WebsiteProperties) = preProject
		TargetFrameworkMoniker = ".NETFramework,Version%3Dv4.0"
		Debug.AspNetCompiler.VirtualPath = "/localhost_52928"
		Debug.AspNetCompiler.PhysicalPath = "reqs-client\"
		Debug.AspNetCompiler.TargetPath = "PrecompiledWeb\localhost_52928\"
		Debug.AspNetCompiler.Updateable = "true"
		Debug.AspNetCompiler.ForceOverwrite = "true"
		Debug.AspNetCompiler.FixedNames = "false"
		Debug.AspNetCompiler.Debug = "True"
		Release.AspNetCompiler.VirtualPath = "/localhost_52928"
		Release.AspNetCompiler.PhysicalPath = "reqs-client\"
		Release.AspNetCompiler.TargetPath = "PrecompiledWeb\localhost_52928\"
		Release.AspNetCompiler.Updateable = "true"
		Release.AspNetCompiler.ForceOverwrite = "true"
		Release.AspNetCompiler.FixedNames = "false"
		Release.AspNetCompiler.Debug = "False"
		VWDPort = "52928"
	EndProjectSection
EndProject
Global
	GlobalSection(SolutionConfigurationPlatforms) = preSolution
		Debug|Any CPU = Debug|Any CPU
		Release|Any CPU = Release|Any CPU
	EndGlobalSection
	GlobalSection(ProjectConfigurationPlatforms) = postSolution
		{AEBF4AFE-4A1A-4545-9EFD-A55B1E3FD9D9}.Debug|Any CPU.ActiveCfg = Debug|Any CPU
		{AEBF4AFE-4A1A-4545-9EFD-A55B1E3FD9D9}.Debug|Any CPU.Build.0 = Debug|Any CPU
		{AEBF4AFE-4A1A-4545-9EFD-A55B1E3FD9D9}.Release|Any CPU.ActiveCfg = Release|Any CPU
		{AEBF4AFE-4A1A-4545-9EFD-A55B1E3FD9D9}.Release|Any CPU.Build.0 = Release|Any CPU
		{43190E86-F025-4F6D-A579-F175228E8D3C}.Debug|Any CPU.ActiveCfg = Debug|Any CPU
		{43190E86-F025-4F6D-A579-F175228E8D3C}.Debug|Any CPU.Build.0 = Debug|Any CPU
		{43190E86-F025-4F6D-A579-F175228E8D3C}.Release|Any CPU.ActiveCfg = Release|Any CPU
		{43190E86-F025-4F6D-A579-F175228E8D3C}.Release|Any CPU.Build.0 = Release|Any CPU
		{98EAA515-74FD-4C02-B0D5-81E066A461CC}.Debug|Any CPU.ActiveCfg = Debug|Any CPU
		{98EAA515-74FD-4C02-B0D5-81E066A461CC}.Debug|Any CPU.Build.0 = Debug|Any CPU
		{98EAA515-74FD-4C02-B0D5-81E066A461CC}.Release|Any CPU.ActiveCfg = Release|Any CPU
		{98EAA515-74FD-4C02-B0D5-81E066A461CC}.Release|Any CPU.Build.0 = Release|Any CPU
		{83C8543D-15FE-4385-92E8-3447ECBA2A3F}.Debug|Any CPU.ActiveCfg = Debug|Any CPU
		{83C8543D-15FE-4385-92E8-3447ECBA2A3F}.Debug|Any CPU.Build.0 = Debug|Any CPU
		{83C8543D-15FE-4385-92E8-3447ECBA2A3F}.Release|Any CPU.ActiveCfg = Debug|Any CPU
		{83C8543D-15FE-4385-92E8-3447ECBA2A3F}.Release|Any CPU.Build.0 = Debug|Any CPU
	EndGlobalSection
	GlobalSection(SolutionProperties) = preSolution
		HideSolutionNode = FALSE
	EndGlobalSection
	GlobalSection(ExtensibilityGlobals) = postSolution
		SolutionGuid = {2F8A92D7-2A1B-42D7-9E54-2BA2D618394C}
	EndGlobalSection
EndGlobal
